
Microsoft Visual Studio Solution File, Format Version 12.00
Project("{FAE04EC0-301F-11D3-BF4B-00C04F79EFBC}") = "Api", "Api\Api.csproj", "{C22B8BBD-D2E0-43BD-B2C4-9E9410991504}"
EndProject
Project("{FAE04EC0-301F-11D3-BF4B-00C04F79EFBC}") = "Testes", "Testes\Testes.csproj", "{7279A3C9-10B4-4FCB-A65E-95B7BBA86A21}"
EndProject
Global
	GlobalSection(SolutionConfigurationPlatforms) = preSolution
		Debug|Any CPU = Debug|Any CPU
		Release|Any CPU = Release|Any CPU
	EndGlobalSection
	GlobalSection(ProjectConfigurationPlatforms) = postSolution
		{C22B8BBD-D2E0-43BD-B2C4-9E9410991504}.Debug|Any CPU.ActiveCfg = Debug|Any CPU
		{C22B8BBD-D2E0-43BD-B2C4-9E9410991504}.Debug|Any CPU.Build.0 = Debug|Any CPU
		{C22B8BBD-D2E0-43BD-B2C4-9E9410991504}.Release|Any CPU.ActiveCfg = Release|Any CPU
		{C22B8BBD-D2E0-43BD-B2C4-9E9410991504}.Release|Any CPU.Build.0 = Release|Any CPU
		{7279A3C9-10B4-4FCB-A65E-95B7BBA86A21}.Debug|Any CPU.ActiveCfg = Debug|Any CPU
		{7279A3C9-10B4-4FCB-A65E-95B7BBA86A21}.Debug|Any CPU.Build.0 = Debug|Any CPU
		{7279A3C9-10B4-4FCB-A65E-95B7BBA86A21}.Release|Any CPU.ActiveCfg = Release|Any CPU
		{7279A3C9-10B4-4FCB-A65E-95B7BBA86A21}.Release|Any CPU.Build.0 = Release|Any CPU
	EndGlobalSection
EndGlobal
